
Microsoft Visual Studio Solution File, Format Version 12.00
Project("{2150E333-8FDC-42A3-9474-1A3956D46DE8}") = "src", "src", "{EC635AF0-5609-4BF4-8B16-E2CBF1EB6A48}"
EndProject
Project("{2150E333-8FDC-42A3-9474-1A3956D46DE8}") = "root", "root", "{ECE438C5-64A5-4F54-BCC3-496F2C131090}"
	ProjectSection(SolutionItems) = preProject
		.gitignore = .gitignore
		NuGet.Config = NuGet.Config
		LICENSE = LICENSE
		README.md = README.md
	EndProjectSection
EndProject
Project("{2150E333-8FDC-42A3-9474-1A3956D46DE8}") = "github", "github", "{3080CE4F-8079-4FB6-B164-46A5CE130E87}"
EndProject
Project("{2150E333-8FDC-42A3-9474-1A3956D46DE8}") = "workflows", "workflows", "{55FBF767-92FE-49F8-8B95-4E4996FEF374}"
	ProjectSection(SolutionItems) = preProject
		.github\workflows\dotnetcore.yml = .github\workflows\dotnetcore.yml
	EndProjectSection
EndProject
Project("{FAE04EC0-301F-11D3-BF4B-00C04F79EFBC}") = "eQuantic.Core.Application", "src\eQuantic.Core.Application\eQuantic.Core.Application.csproj", "{2AB85F50-CEC6-45ED-977D-1C62070D713F}"
EndProject
Project("{FAE04EC0-301F-11D3-BF4B-00C04F79EFBC}") = "eQuantic.Core.Api", "src\eQuantic.Core.Api\eQuantic.Core.Api.csproj", "{D402D6A2-088B-4B5B-96FE-ECD4B0DA61FC}"
EndProject
Project("{FAE04EC0-301F-11D3-BF4B-00C04F79EFBC}") = "eQuantic.Core.Api.Sample", "src\eQuantic.Core.Api.Sample\eQuantic.Core.Api.Sample.csproj", "{49EA7AF3-9E47-4E27-97E8-D926425576F2}"
EndProject
Project("{2150E333-8FDC-42A3-9474-1A3956D46DE8}") = "sample", "sample", "{50366770-0B0A-427F-927D-E2E51D917A9A}"
EndProject
Project("{FAE04EC0-301F-11D3-BF4B-00C04F79EFBC}") = "eQuantic.Core.Persistence", "src\eQuantic.Core.Persistence\eQuantic.Core.Persistence.csproj", "{C3C6619B-B0C8-4CA9-9291-2F3D9E26635D}"
EndProject
Project("{FAE04EC0-301F-11D3-BF4B-00C04F79EFBC}") = "eQuantic.Core.Api.Error", "src\eQuantic.Core.Api.Error\eQuantic.Core.Api.Error.csproj", "{E7002AE3-D3F0-4877-9619-099E6BCFC881}"
EndProject
Project("{FAE04EC0-301F-11D3-BF4B-00C04F79EFBC}") = "eQuantic.Core.Exceptions", "src\eQuantic.Core.Exceptions\eQuantic.Core.Exceptions.csproj", "{E42A86D6-9ABA-4DD6-AB68-50C4658E235D}"
EndProject
Project("{2150E333-8FDC-42A3-9474-1A3956D46DE8}") = "Api", "Api", "{63636064-E354-4429-B59F-E97BF78C4261}"
EndProject
Project("{2150E333-8FDC-42A3-9474-1A3956D46DE8}") = "Application", "Application", "{FA57A1E6-2DBB-410C-90C4-96085E3462E2}"
EndProject
Project("{FAE04EC0-301F-11D3-BF4B-00C04F79EFBC}") = "eQuantic.Core.Api.Client", "src\eQuantic.Core.Api.Client\eQuantic.Core.Api.Client.csproj", "{5E318145-995D-4F76-9D2C-03D0BC8807ED}"
EndProject
Project("{FAE04EC0-301F-11D3-BF4B-00C04F79EFBC}") = "eQuantic.Core.Domain", "src\eQuantic.Core.Domain\eQuantic.Core.Domain.csproj", "{D17AE2BD-964C-4D51-A44A-6D35A3B750C1}"
EndProject
Project("{2150E333-8FDC-42A3-9474-1A3956D46DE8}") = "Persistence", "Persistence", "{8EE836BD-C317-4C26-AE01-E0539FFB2138}"
EndProject
Project("{2150E333-8FDC-42A3-9474-1A3956D46DE8}") = "Common", "Common", "{3D501159-790F-4907-8C53-37B05615251F}"
EndProject
Project("{FAE04EC0-301F-11D3-BF4B-00C04F79EFBC}") = "eQuantic.Core.Persistence.SqlServer", "src\eQuantic.Core.Persistence.SqlServer\eQuantic.Core.Persistence.SqlServer.csproj", "{185A6D22-F587-4AF3-88C7-18CA7FF088DE}"
EndProject
Project("{FAE04EC0-301F-11D3-BF4B-00C04F79EFBC}") = "eQuantic.Core.Persistence.MongoDb", "src\eQuantic.Core.Persistence.MongoDb\eQuantic.Core.Persistence.MongoDb.csproj", "{81C7CA1F-9B5C-4BA6-8B7B-0FDA1CD7E839}"
EndProject
Project("{2150E333-8FDC-42A3-9474-1A3956D46DE8}") = "tests", "tests", "{C3BBD073-AE95-4FFA-86F8-971912BFE4E1}"
EndProject
Project("{FAE04EC0-301F-11D3-BF4B-00C04F79EFBC}") = "eQuantic.Core.Domain.Tests", "tests\eQuantic.Core.Domain.Tests\eQuantic.Core.Domain.Tests.csproj", "{69019671-782A-44FD-B581-376A9B046F44}"
EndProject
Project("{FAE04EC0-301F-11D3-BF4B-00C04F79EFBC}") = "eQuantic.Core.Api.Tests", "tests\eQuantic.Core.Api.Tests\eQuantic.Core.Api.Tests.csproj", "{5A077479-1464-4678-B6F6-C67EFA3A4553}"
EndProject
Project("{FAE04EC0-301F-11D3-BF4B-00C04F79EFBC}") = "eQuantic.Core.DataModel", "src\eQuantic.Core.DataModel\eQuantic.Core.DataModel.csproj", "{4784989F-CD6C-402A-B69F-00A4E6043BD0}"
EndProject
Project("{FAE04EC0-301F-11D3-BF4B-00C04F79EFBC}") = "eQuantic.Core.Persistence.MySql", "src\eQuantic.Core.Persistence.MySql\eQuantic.Core.Persistence.MySql.csproj", "{25F3AD6A-7FE5-4C7C-91B9-F90791DB34A3}"
EndProject
Project("{FAE04EC0-301F-11D3-BF4B-00C04F79EFBC}") = "eQuantic.Core.Persistence.PostgreSql", "src\eQuantic.Core.Persistence.PostgreSql\eQuantic.Core.Persistence.PostgreSql.csproj", "{2545850F-36EC-4D00-98F1-D4B15646E48D}"
EndProject
Project("{FAE04EC0-301F-11D3-BF4B-00C04F79EFBC}") = "eQuantic.Core.Persistence.Relational", "src\eQuantic.Core.Persistence.Relational\eQuantic.Core.Persistence.Relational.csproj", "{6D1F35F7-480C-4214-ABCC-5D41FAC500FD}"
EndProject
Global
	GlobalSection(SolutionConfigurationPlatforms) = preSolution
		Debug|Any CPU = Debug|Any CPU
		Release|Any CPU = Release|Any CPU
	EndGlobalSection
	GlobalSection(ProjectConfigurationPlatforms) = postSolution
		{2AB85F50-CEC6-45ED-977D-1C62070D713F}.Debug|Any CPU.ActiveCfg = Debug|Any CPU
		{2AB85F50-CEC6-45ED-977D-1C62070D713F}.Debug|Any CPU.Build.0 = Debug|Any CPU
		{2AB85F50-CEC6-45ED-977D-1C62070D713F}.Release|Any CPU.ActiveCfg = Release|Any CPU
		{2AB85F50-CEC6-45ED-977D-1C62070D713F}.Release|Any CPU.Build.0 = Release|Any CPU
		{D402D6A2-088B-4B5B-96FE-ECD4B0DA61FC}.Debug|Any CPU.ActiveCfg = Debug|Any CPU
		{D402D6A2-088B-4B5B-96FE-ECD4B0DA61FC}.Debug|Any CPU.Build.0 = Debug|Any CPU
		{D402D6A2-088B-4B5B-96FE-ECD4B0DA61FC}.Release|Any CPU.ActiveCfg = Release|Any CPU
		{D402D6A2-088B-4B5B-96FE-ECD4B0DA61FC}.Release|Any CPU.Build.0 = Release|Any CPU
		{49EA7AF3-9E47-4E27-97E8-D926425576F2}.Debug|Any CPU.ActiveCfg = Debug|Any CPU
		{49EA7AF3-9E47-4E27-97E8-D926425576F2}.Debug|Any CPU.Build.0 = Debug|Any CPU
		{49EA7AF3-9E47-4E27-97E8-D926425576F2}.Release|Any CPU.ActiveCfg = Release|Any CPU
		{49EA7AF3-9E47-4E27-97E8-D926425576F2}.Release|Any CPU.Build.0 = Release|Any CPU
		{C3C6619B-B0C8-4CA9-9291-2F3D9E26635D}.Debug|Any CPU.ActiveCfg = Debug|Any CPU
		{C3C6619B-B0C8-4CA9-9291-2F3D9E26635D}.Debug|Any CPU.Build.0 = Debug|Any CPU
		{C3C6619B-B0C8-4CA9-9291-2F3D9E26635D}.Release|Any CPU.ActiveCfg = Release|Any CPU
		{C3C6619B-B0C8-4CA9-9291-2F3D9E26635D}.Release|Any CPU.Build.0 = Release|Any CPU
		{E7002AE3-D3F0-4877-9619-099E6BCFC881}.Debug|Any CPU.ActiveCfg = Debug|Any CPU
		{E7002AE3-D3F0-4877-9619-099E6BCFC881}.Debug|Any CPU.Build.0 = Debug|Any CPU
		{E7002AE3-D3F0-4877-9619-099E6BCFC881}.Release|Any CPU.ActiveCfg = Release|Any CPU
		{E7002AE3-D3F0-4877-9619-099E6BCFC881}.Release|Any CPU.Build.0 = Release|Any CPU
		{E42A86D6-9ABA-4DD6-AB68-50C4658E235D}.Debug|Any CPU.ActiveCfg = Debug|Any CPU
		{E42A86D6-9ABA-4DD6-AB68-50C4658E235D}.Debug|Any CPU.Build.0 = Debug|Any CPU
		{E42A86D6-9ABA-4DD6-AB68-50C4658E235D}.Release|Any CPU.ActiveCfg = Release|Any CPU
		{E42A86D6-9ABA-4DD6-AB68-50C4658E235D}.Release|Any CPU.Build.0 = Release|Any CPU
		{5E318145-995D-4F76-9D2C-03D0BC8807ED}.Debug|Any CPU.ActiveCfg = Debug|Any CPU
		{5E318145-995D-4F76-9D2C-03D0BC8807ED}.Debug|Any CPU.Build.0 = Debug|Any CPU
		{5E318145-995D-4F76-9D2C-03D0BC8807ED}.Release|Any CPU.ActiveCfg = Release|Any CPU
		{5E318145-995D-4F76-9D2C-03D0BC8807ED}.Release|Any CPU.Build.0 = Release|Any CPU
		{D17AE2BD-964C-4D51-A44A-6D35A3B750C1}.Debug|Any CPU.ActiveCfg = Debug|Any CPU
		{D17AE2BD-964C-4D51-A44A-6D35A3B750C1}.Debug|Any CPU.Build.0 = Debug|Any CPU
		{D17AE2BD-964C-4D51-A44A-6D35A3B750C1}.Release|Any CPU.ActiveCfg = Release|Any CPU
		{D17AE2BD-964C-4D51-A44A-6D35A3B750C1}.Release|Any CPU.Build.0 = Release|Any CPU
		{185A6D22-F587-4AF3-88C7-18CA7FF088DE}.Debug|Any CPU.ActiveCfg = Debug|Any CPU
		{185A6D22-F587-4AF3-88C7-18CA7FF088DE}.Debug|Any CPU.Build.0 = Debug|Any CPU
		{185A6D22-F587-4AF3-88C7-18CA7FF088DE}.Release|Any CPU.ActiveCfg = Release|Any CPU
		{185A6D22-F587-4AF3-88C7-18CA7FF088DE}.Release|Any CPU.Build.0 = Release|Any CPU
		{81C7CA1F-9B5C-4BA6-8B7B-0FDA1CD7E839}.Debug|Any CPU.ActiveCfg = Debug|Any CPU
		{81C7CA1F-9B5C-4BA6-8B7B-0FDA1CD7E839}.Debug|Any CPU.Build.0 = Debug|Any CPU
		{81C7CA1F-9B5C-4BA6-8B7B-0FDA1CD7E839}.Release|Any CPU.ActiveCfg = Release|Any CPU
		{81C7CA1F-9B5C-4BA6-8B7B-0FDA1CD7E839}.Release|Any CPU.Build.0 = Release|Any CPU
		{69019671-782A-44FD-B581-376A9B046F44}.Debug|Any CPU.ActiveCfg = Debug|Any CPU
		{69019671-782A-44FD-B581-376A9B046F44}.Debug|Any CPU.Build.0 = Debug|Any CPU
		{69019671-782A-44FD-B581-376A9B046F44}.Release|Any CPU.ActiveCfg = Release|Any CPU
		{69019671-782A-44FD-B581-376A9B046F44}.Release|Any CPU.Build.0 = Release|Any CPU
		{5A077479-1464-4678-B6F6-C67EFA3A4553}.Debug|Any CPU.ActiveCfg = Debug|Any CPU
		{5A077479-1464-4678-B6F6-C67EFA3A4553}.Debug|Any CPU.Build.0 = Debug|Any CPU
		{5A077479-1464-4678-B6F6-C67EFA3A4553}.Release|Any CPU.ActiveCfg = Release|Any CPU
		{5A077479-1464-4678-B6F6-C67EFA3A4553}.Release|Any CPU.Build.0 = Release|Any CPU
		{25F3AD6A-7FE5-4C7C-91B9-F90791DB34A3}.Debug|Any CPU.ActiveCfg = Debug|Any CPU
		{25F3AD6A-7FE5-4C7C-91B9-F90791DB34A3}.Debug|Any CPU.Build.0 = Debug|Any CPU
		{25F3AD6A-7FE5-4C7C-91B9-F90791DB34A3}.Release|Any CPU.ActiveCfg = Release|Any CPU
		{25F3AD6A-7FE5-4C7C-91B9-F90791DB34A3}.Release|Any CPU.Build.0 = Release|Any CPU
		{4784989F-CD6C-402A-B69F-00A4E6043BD0}.Debug|Any CPU.ActiveCfg = Debug|Any CPU
		{4784989F-CD6C-402A-B69F-00A4E6043BD0}.Debug|Any CPU.Build.0 = Debug|Any CPU
		{4784989F-CD6C-402A-B69F-00A4E6043BD0}.Release|Any CPU.ActiveCfg = Release|Any CPU
		{4784989F-CD6C-402A-B69F-00A4E6043BD0}.Release|Any CPU.Build.0 = Release|Any CPU
		{2545850F-36EC-4D00-98F1-D4B15646E48D}.Debug|Any CPU.ActiveCfg = Debug|Any CPU
		{2545850F-36EC-4D00-98F1-D4B15646E48D}.Debug|Any CPU.Build.0 = Debug|Any CPU
		{2545850F-36EC-4D00-98F1-D4B15646E48D}.Release|Any CPU.ActiveCfg = Release|Any CPU
		{2545850F-36EC-4D00-98F1-D4B15646E48D}.Release|Any CPU.Build.0 = Release|Any CPU
		{6D1F35F7-480C-4214-ABCC-5D41FAC500FD}.Debug|Any CPU.ActiveCfg = Debug|Any CPU
		{6D1F35F7-480C-4214-ABCC-5D41FAC500FD}.Debug|Any CPU.Build.0 = Debug|Any CPU
		{6D1F35F7-480C-4214-ABCC-5D41FAC500FD}.Release|Any CPU.ActiveCfg = Release|Any CPU
		{6D1F35F7-480C-4214-ABCC-5D41FAC500FD}.Release|Any CPU.Build.0 = Release|Any CPU
	EndGlobalSection
	GlobalSection(NestedProjects) = preSolution
		{3080CE4F-8079-4FB6-B164-46A5CE130E87} = {ECE438C5-64A5-4F54-BCC3-496F2C131090}
		{55FBF767-92FE-49F8-8B95-4E4996FEF374} = {3080CE4F-8079-4FB6-B164-46A5CE130E87}
		{49EA7AF3-9E47-4E27-97E8-D926425576F2} = {50366770-0B0A-427F-927D-E2E51D917A9A}
		{63636064-E354-4429-B59F-E97BF78C4261} = {EC635AF0-5609-4BF4-8B16-E2CBF1EB6A48}
		{D402D6A2-088B-4B5B-96FE-ECD4B0DA61FC} = {63636064-E354-4429-B59F-E97BF78C4261}
		{FA57A1E6-2DBB-410C-90C4-96085E3462E2} = {EC635AF0-5609-4BF4-8B16-E2CBF1EB6A48}
		{2AB85F50-CEC6-45ED-977D-1C62070D713F} = {FA57A1E6-2DBB-410C-90C4-96085E3462E2}
		{E7002AE3-D3F0-4877-9619-099E6BCFC881} = {63636064-E354-4429-B59F-E97BF78C4261}
		{5E318145-995D-4F76-9D2C-03D0BC8807ED} = {63636064-E354-4429-B59F-E97BF78C4261}
		{D17AE2BD-964C-4D51-A44A-6D35A3B750C1} = {FA57A1E6-2DBB-410C-90C4-96085E3462E2}
		{8EE836BD-C317-4C26-AE01-E0539FFB2138} = {EC635AF0-5609-4BF4-8B16-E2CBF1EB6A48}
		{C3C6619B-B0C8-4CA9-9291-2F3D9E26635D} = {8EE836BD-C317-4C26-AE01-E0539FFB2138}
		{3D501159-790F-4907-8C53-37B05615251F} = {EC635AF0-5609-4BF4-8B16-E2CBF1EB6A48}
		{E42A86D6-9ABA-4DD6-AB68-50C4658E235D} = {3D501159-790F-4907-8C53-37B05615251F}
		{185A6D22-F587-4AF3-88C7-18CA7FF088DE} = {8EE836BD-C317-4C26-AE01-E0539FFB2138}
		{81C7CA1F-9B5C-4BA6-8B7B-0FDA1CD7E839} = {8EE836BD-C317-4C26-AE01-E0539FFB2138}
		{69019671-782A-44FD-B581-376A9B046F44} = {C3BBD073-AE95-4FFA-86F8-971912BFE4E1}
		{5A077479-1464-4678-B6F6-C67EFA3A4553} = {C3BBD073-AE95-4FFA-86F8-971912BFE4E1}
		{25F3AD6A-7FE5-4C7C-91B9-F90791DB34A3} = {8EE836BD-C317-4C26-AE01-E0539FFB2138}
		{4784989F-CD6C-402A-B69F-00A4E6043BD0} = {FA57A1E6-2DBB-410C-90C4-96085E3462E2}
		{2545850F-36EC-4D00-98F1-D4B15646E48D} = {8EE836BD-C317-4C26-AE01-E0539FFB2138}
		{6D1F35F7-480C-4214-ABCC-5D41FAC500FD} = {8EE836BD-C317-4C26-AE01-E0539FFB2138}
	EndGlobalSection
EndGlobal
