
Microsoft Visual Studio Solution File, Format Version 12.00
Project("{2150E333-8FDC-42A3-9474-1A3956D46DE8}") = "src", "src", "{EC635AF0-5609-4BF4-8B16-E2CBF1EB6A48}"
EndProject
Project("{2150E333-8FDC-42A3-9474-1A3956D46DE8}") = "root", "root", "{ECE438C5-64A5-4F54-BCC3-496F2C131090}"
	ProjectSection(SolutionItems) = preProject
		.gitignore = .gitignore
		NuGet.Config = NuGet.Config
		LICENSE = LICENSE
		README.md = README.md
	EndProjectSection
EndProject
Project("{2150E333-8FDC-42A3-9474-1A3956D46DE8}") = "github", "github", "{3080CE4F-8079-4FB6-B164-46A5CE130E87}"
EndProject
Project("{2150E333-8FDC-42A3-9474-1A3956D46DE8}") = "workflows", "workflows", "{55FBF767-92FE-49F8-8B95-4E4996FEF374}"
	ProjectSection(SolutionItems) = preProject
		.github\workflows\dotnetcore.yml = .github\workflows\dotnetcore.yml
	EndProjectSection
EndProject
Project("{FAE04EC0-301F-11D3-BF4B-00C04F79EFBC}") = "eQuantic.Core.Api", "src\eQuantic.Core.Api\eQuantic.Core.Api.csproj", "{D402D6A2-088B-4B5B-96FE-ECD4B0DA61FC}"
EndProject
Project("{FAE04EC0-301F-11D3-BF4B-00C04F79EFBC}") = "eQuantic.Core.Api.Error", "src\eQuantic.Core.Api.Error\eQuantic.Core.Api.Error.csproj", "{E7002AE3-D3F0-4877-9619-099E6BCFC881}"
EndProject
Project("{2150E333-8FDC-42A3-9474-1A3956D46DE8}") = "Api", "Api", "{63636064-E354-4429-B59F-E97BF78C4261}"
EndProject
Project("{FAE04EC0-301F-11D3-BF4B-00C04F79EFBC}") = "eQuantic.Core.Api.Client", "src\eQuantic.Core.Api.Client\eQuantic.Core.Api.Client.csproj", "{5E318145-995D-4F76-9D2C-03D0BC8807ED}"
EndProject
Project("{2150E333-8FDC-42A3-9474-1A3956D46DE8}") = "tests", "tests", "{C3BBD073-AE95-4FFA-86F8-971912BFE4E1}"
EndProject
Project("{FAE04EC0-301F-11D3-BF4B-00C04F79EFBC}") = "eQuantic.Core.Api.Tests", "tests\eQuantic.Core.Api.Tests\eQuantic.Core.Api.Tests.csproj", "{5A077479-1464-4678-B6F6-C67EFA3A4553}"
EndProject
Project("{2150E333-8FDC-42A3-9474-1A3956D46DE8}") = "samples", "samples", "{5D20AA90-6969-D8BD-9DCD-8634F4692FDA}"
EndProject
Project("{FAE04EC0-301F-11D3-BF4B-00C04F79EFBC}") = "eQuantic.Core.Api.Sample", "samples\eQuantic.Core.Api.Sample\eQuantic.Core.Api.Sample.csproj", "{EDC49134-EB4F-45B8-BE0C-0CCBEB08783E}"
EndProject
Global
	GlobalSection(SolutionConfigurationPlatforms) = preSolution
		Debug|Any CPU = Debug|Any CPU
		Debug|x64 = Debug|x64
		Debug|x86 = Debug|x86
		Release|Any CPU = Release|Any CPU
		Release|x64 = Release|x64
		Release|x86 = Release|x86
	EndGlobalSection
	GlobalSection(ProjectConfigurationPlatforms) = postSolution
		{D402D6A2-088B-4B5B-96FE-ECD4B0DA61FC}.Debug|Any CPU.ActiveCfg = Debug|Any CPU
		{D402D6A2-088B-4B5B-96FE-ECD4B0DA61FC}.Debug|Any CPU.Build.0 = Debug|Any CPU
		{D402D6A2-088B-4B5B-96FE-ECD4B0DA61FC}.Debug|x64.ActiveCfg = Debug|Any CPU
		{D402D6A2-088B-4B5B-96FE-ECD4B0DA61FC}.Debug|x64.Build.0 = Debug|Any CPU
		{D402D6A2-088B-4B5B-96FE-ECD4B0DA61FC}.Debug|x86.ActiveCfg = Debug|Any CPU
		{D402D6A2-088B-4B5B-96FE-ECD4B0DA61FC}.Debug|x86.Build.0 = Debug|Any CPU
		{D402D6A2-088B-4B5B-96FE-ECD4B0DA61FC}.Release|Any CPU.ActiveCfg = Release|Any CPU
		{D402D6A2-088B-4B5B-96FE-ECD4B0DA61FC}.Release|Any CPU.Build.0 = Release|Any CPU
		{D402D6A2-088B-4B5B-96FE-ECD4B0DA61FC}.Release|x64.ActiveCfg = Release|Any CPU
		{D402D6A2-088B-4B5B-96FE-ECD4B0DA61FC}.Release|x64.Build.0 = Release|Any CPU
		{D402D6A2-088B-4B5B-96FE-ECD4B0DA61FC}.Release|x86.ActiveCfg = Release|Any CPU
		{D402D6A2-088B-4B5B-96FE-ECD4B0DA61FC}.Release|x86.Build.0 = Release|Any CPU
		{E7002AE3-D3F0-4877-9619-099E6BCFC881}.Debug|Any CPU.ActiveCfg = Debug|Any CPU
		{E7002AE3-D3F0-4877-9619-099E6BCFC881}.Debug|Any CPU.Build.0 = Debug|Any CPU
		{E7002AE3-D3F0-4877-9619-099E6BCFC881}.Debug|x64.ActiveCfg = Debug|Any CPU
		{E7002AE3-D3F0-4877-9619-099E6BCFC881}.Debug|x64.Build.0 = Debug|Any CPU
		{E7002AE3-D3F0-4877-9619-099E6BCFC881}.Debug|x86.ActiveCfg = Debug|Any CPU
		{E7002AE3-D3F0-4877-9619-099E6BCFC881}.Debug|x86.Build.0 = Debug|Any CPU
		{E7002AE3-D3F0-4877-9619-099E6BCFC881}.Release|Any CPU.ActiveCfg = Release|Any CPU
		{E7002AE3-D3F0-4877-9619-099E6BCFC881}.Release|Any CPU.Build.0 = Release|Any CPU
		{E7002AE3-D3F0-4877-9619-099E6BCFC881}.Release|x64.ActiveCfg = Release|Any CPU
		{E7002AE3-D3F0-4877-9619-099E6BCFC881}.Release|x64.Build.0 = Release|Any CPU
		{E7002AE3-D3F0-4877-9619-099E6BCFC881}.Release|x86.ActiveCfg = Release|Any CPU
		{E7002AE3-D3F0-4877-9619-099E6BCFC881}.Release|x86.Build.0 = Release|Any CPU
		{5E318145-995D-4F76-9D2C-03D0BC8807ED}.Debug|Any CPU.ActiveCfg = Debug|Any CPU
		{5E318145-995D-4F76-9D2C-03D0BC8807ED}.Debug|Any CPU.Build.0 = Debug|Any CPU
		{5E318145-995D-4F76-9D2C-03D0BC8807ED}.Debug|x64.ActiveCfg = Debug|Any CPU
		{5E318145-995D-4F76-9D2C-03D0BC8807ED}.Debug|x64.Build.0 = Debug|Any CPU
		{5E318145-995D-4F76-9D2C-03D0BC8807ED}.Debug|x86.ActiveCfg = Debug|Any CPU
		{5E318145-995D-4F76-9D2C-03D0BC8807ED}.Debug|x86.Build.0 = Debug|Any CPU
		{5E318145-995D-4F76-9D2C-03D0BC8807ED}.Release|Any CPU.ActiveCfg = Release|Any CPU
		{5E318145-995D-4F76-9D2C-03D0BC8807ED}.Release|Any CPU.Build.0 = Release|Any CPU
		{5E318145-995D-4F76-9D2C-03D0BC8807ED}.Release|x64.ActiveCfg = Release|Any CPU
		{5E318145-995D-4F76-9D2C-03D0BC8807ED}.Release|x64.Build.0 = Release|Any CPU
		{5E318145-995D-4F76-9D2C-03D0BC8807ED}.Release|x86.ActiveCfg = Release|Any CPU
		{5E318145-995D-4F76-9D2C-03D0BC8807ED}.Release|x86.Build.0 = Release|Any CPU
		{5A077479-1464-4678-B6F6-C67EFA3A4553}.Debug|Any CPU.ActiveCfg = Debug|Any CPU
		{5A077479-1464-4678-B6F6-C67EFA3A4553}.Debug|Any CPU.Build.0 = Debug|Any CPU
		{5A077479-1464-4678-B6F6-C67EFA3A4553}.Debug|x64.ActiveCfg = Debug|Any CPU
		{5A077479-1464-4678-B6F6-C67EFA3A4553}.Debug|x64.Build.0 = Debug|Any CPU
		{5A077479-1464-4678-B6F6-C67EFA3A4553}.Debug|x86.ActiveCfg = Debug|Any CPU
		{5A077479-1464-4678-B6F6-C67EFA3A4553}.Debug|x86.Build.0 = Debug|Any CPU
		{5A077479-1464-4678-B6F6-C67EFA3A4553}.Release|Any CPU.ActiveCfg = Release|Any CPU
		{5A077479-1464-4678-B6F6-C67EFA3A4553}.Release|Any CPU.Build.0 = Release|Any CPU
		{5A077479-1464-4678-B6F6-C67EFA3A4553}.Release|x64.ActiveCfg = Release|Any CPU
		{5A077479-1464-4678-B6F6-C67EFA3A4553}.Release|x64.Build.0 = Release|Any CPU
		{5A077479-1464-4678-B6F6-C67EFA3A4553}.Release|x86.ActiveCfg = Release|Any CPU
		{5A077479-1464-4678-B6F6-C67EFA3A4553}.Release|x86.Build.0 = Release|Any CPU
		{EDC49134-EB4F-45B8-BE0C-0CCBEB08783E}.Debug|Any CPU.ActiveCfg = Debug|Any CPU
		{EDC49134-EB4F-45B8-BE0C-0CCBEB08783E}.Debug|Any CPU.Build.0 = Debug|Any CPU
		{EDC49134-EB4F-45B8-BE0C-0CCBEB08783E}.Debug|x64.ActiveCfg = Debug|Any CPU
		{EDC49134-EB4F-45B8-BE0C-0CCBEB08783E}.Debug|x64.Build.0 = Debug|Any CPU
		{EDC49134-EB4F-45B8-BE0C-0CCBEB08783E}.Debug|x86.ActiveCfg = Debug|Any CPU
		{EDC49134-EB4F-45B8-BE0C-0CCBEB08783E}.Debug|x86.Build.0 = Debug|Any CPU
		{EDC49134-EB4F-45B8-BE0C-0CCBEB08783E}.Release|Any CPU.ActiveCfg = Release|Any CPU
		{EDC49134-EB4F-45B8-BE0C-0CCBEB08783E}.Release|Any CPU.Build.0 = Release|Any CPU
		{EDC49134-EB4F-45B8-BE0C-0CCBEB08783E}.Release|x64.ActiveCfg = Release|Any CPU
		{EDC49134-EB4F-45B8-BE0C-0CCBEB08783E}.Release|x64.Build.0 = Release|Any CPU
		{EDC49134-EB4F-45B8-BE0C-0CCBEB08783E}.Release|x86.ActiveCfg = Release|Any CPU
		{EDC49134-EB4F-45B8-BE0C-0CCBEB08783E}.Release|x86.Build.0 = Release|Any CPU
	EndGlobalSection
	GlobalSection(SolutionProperties) = preSolution
		HideSolutionNode = FALSE
	EndGlobalSection
	GlobalSection(NestedProjects) = preSolution
		{3080CE4F-8079-4FB6-B164-46A5CE130E87} = {ECE438C5-64A5-4F54-BCC3-496F2C131090}
		{55FBF767-92FE-49F8-8B95-4E4996FEF374} = {3080CE4F-8079-4FB6-B164-46A5CE130E87}
		{D402D6A2-088B-4B5B-96FE-ECD4B0DA61FC} = {63636064-E354-4429-B59F-E97BF78C4261}
		{E7002AE3-D3F0-4877-9619-099E6BCFC881} = {63636064-E354-4429-B59F-E97BF78C4261}
		{63636064-E354-4429-B59F-E97BF78C4261} = {EC635AF0-5609-4BF4-8B16-E2CBF1EB6A48}
		{5E318145-995D-4F76-9D2C-03D0BC8807ED} = {63636064-E354-4429-B59F-E97BF78C4261}
		{5A077479-1464-4678-B6F6-C67EFA3A4553} = {C3BBD073-AE95-4FFA-86F8-971912BFE4E1}
		{EDC49134-EB4F-45B8-BE0C-0CCBEB08783E} = {5D20AA90-6969-D8BD-9DCD-8634F4692FDA}
	EndGlobalSection
EndGlobal
